
Microsoft Visual Studio Solution File, Format Version 12.00
# Visual Studio Version 17
VisualStudioVersion = 17.5.002.0
MinimumVisualStudioVersion = 10.0.40219.1
Project("{2150E333-8FDC-42A3-9474-1A3956D46DE8}") = "microservices", "microservices", "{9E57E906-213E-432E-94EF-3E1FA7EC563F}"
EndProject
Project("{9A19103F-16F7-4668-BE54-9A1E7A4F7556}") = "AwsDotnetCsharp", "microservices\sandbox-3albe\AwsDotnetCsharp.csproj", "{885BCFEF-43B6-48A1-9720-40D145492F40}"
EndProject
Global
	GlobalSection(SolutionConfigurationPlatforms) = preSolution
		Debug|Any CPU = Debug|Any CPU
		Release|Any CPU = Release|Any CPU
	EndGlobalSection
	GlobalSection(ProjectConfigurationPlatforms) = postSolution
		{885BCFEF-43B6-48A1-9720-40D145492F40}.Debug|Any CPU.ActiveCfg = Debug|Any CPU
		{885BCFEF-43B6-48A1-9720-40D145492F40}.Debug|Any CPU.Build.0 = Debug|Any CPU
		{885BCFEF-43B6-48A1-9720-40D145492F40}.Release|Any CPU.ActiveCfg = Release|Any CPU
		{885BCFEF-43B6-48A1-9720-40D145492F40}.Release|Any CPU.Build.0 = Release|Any CPU
	EndGlobalSection
	GlobalSection(SolutionProperties) = preSolution
		HideSolutionNode = FALSE
	EndGlobalSection
	GlobalSection(NestedProjects) = preSolution
		{885BCFEF-43B6-48A1-9720-40D145492F40} = {9E57E906-213E-432E-94EF-3E1FA7EC563F}
	EndGlobalSection
	GlobalSection(ExtensibilityGlobals) = postSolution
		SolutionGuid = {B66A1D48-F7AF-4749-AC7E-318F8D2557F5}
	EndGlobalSection
EndGlobal
